// !$*UTF8*$!
{
	archiveVersion = 1;
	classes = {
	};
	objectVersion = 56;
	objects = {

/* Begin PBXBuildFile section */
		8B0558682B0FC9FE0043F705 /* DataClientHost.swift in Sources */ = {isa = PBXBuildFile; fileRef = 8B0558672B0FC9FE0043F705 /* DataClientHost.swift */; };
		8B05586A2B0FCACE0043F705 /* RepoDetailsDataClient+Preview.swift in Sources */ = {isa = PBXBuildFile; fileRef = 8B0558692B0FCACE0043F705 /* RepoDetailsDataClient+Preview.swift */; };
		8B0558722B0FF0A80043F705 /* MainView.swift in Sources */ = {isa = PBXBuildFile; fileRef = 8B0558712B0FF0A80043F705 /* MainView.swift */; };
		8B0558742B0FF18E0043F705 /* MainViewModel.swift in Sources */ = {isa = PBXBuildFile; fileRef = 8B0558732B0FF18E0043F705 /* MainViewModel.swift */; };
		8B0558762B0FF9620043F705 /* TrendingRepository.swift in Sources */ = {isa = PBXBuildFile; fileRef = 8B0558752B0FF9620043F705 /* TrendingRepository.swift */; };
		8B0558782B0FFA000043F705 /* ScaleButtonStyle.swift in Sources */ = {isa = PBXBuildFile; fileRef = 8B0558772B0FFA000043F705 /* ScaleButtonStyle.swift */; };
		8B05587A2B1011850043F705 /* RepositoryCardView.swift in Sources */ = {isa = PBXBuildFile; fileRef = 8B0558792B1011850043F705 /* RepositoryCardView.swift */; };
		8B05587C2B10122E0043F705 /* TrendingPeriodFilter.swift in Sources */ = {isa = PBXBuildFile; fileRef = 8B05587B2B10122E0043F705 /* TrendingPeriodFilter.swift */; };
		8B05587F2B1093B10043F705 /* EmptyView.swift in Sources */ = {isa = PBXBuildFile; fileRef = 8B05587E2B1093B10043F705 /* EmptyView.swift */; };
		8B805C6B2B0FBB470052415F /* MarkdownUI in Frameworks */ = {isa = PBXBuildFile; productRef = 8B805C6A2B0FBB470052415F /* MarkdownUI */; };
		8B805C6E2B0FC4560052415F /* RepoDetailsDataClient.swift in Sources */ = {isa = PBXBuildFile; fileRef = 8B805C6D2B0FC4560052415F /* RepoDetailsDataClient.swift */; };
		8BABB8C42B0D365C00E12042 /* GitHubTrendingReposApp.swift in Sources */ = {isa = PBXBuildFile; fileRef = 8BABB8C32B0D365C00E12042 /* GitHubTrendingReposApp.swift */; };
		8BABB8C62B0D365C00E12042 /* WelcomeView.swift in Sources */ = {isa = PBXBuildFile; fileRef = 8BABB8C52B0D365C00E12042 /* WelcomeView.swift */; };
		8BABB8C82B0D365D00E12042 /* Assets.xcassets in Resources */ = {isa = PBXBuildFile; fileRef = 8BABB8C72B0D365D00E12042 /* Assets.xcassets */; };
		8BABB8CB2B0D365D00E12042 /* Preview Assets.xcassets in Resources */ = {isa = PBXBuildFile; fileRef = 8BABB8CA2B0D365D00E12042 /* Preview Assets.xcassets */; };
		8BABB8D52B0D365E00E12042 /* GitHubTrendingReposTests.swift in Sources */ = {isa = PBXBuildFile; fileRef = 8BABB8D42B0D365E00E12042 /* GitHubTrendingReposTests.swift */; };
		8BABB8DF2B0D365E00E12042 /* GitHubTrendingReposUITests.swift in Sources */ = {isa = PBXBuildFile; fileRef = 8BABB8DE2B0D365E00E12042 /* GitHubTrendingReposUITests.swift */; };
		8BABB8E12B0D365E00E12042 /* GitHubTrendingReposUITestsLaunchTests.swift in Sources */ = {isa = PBXBuildFile; fileRef = 8BABB8E02B0D365E00E12042 /* GitHubTrendingReposUITestsLaunchTests.swift */; };
		8BABB8F12B0D4B9000E12042 /* WelcomeViewModel.swift in Sources */ = {isa = PBXBuildFile; fileRef = 8BABB8F02B0D4B9000E12042 /* WelcomeViewModel.swift */; };
		8BABB8F72B0E1BC800E12042 /* UnderlineButton.swift in Sources */ = {isa = PBXBuildFile; fileRef = 8BABB8F62B0E1BC800E12042 /* UnderlineButton.swift */; };
		8BABB8F92B0E278900E12042 /* CallToActionButton.swift in Sources */ = {isa = PBXBuildFile; fileRef = 8BABB8F82B0E278900E12042 /* CallToActionButton.swift */; };
		8BABB8FC2B0E323E00E12042 /* TrendingView.swift in Sources */ = {isa = PBXBuildFile; fileRef = 8BABB8FB2B0E323E00E12042 /* TrendingView.swift */; };
		8BABB8FE2B0E7C8E00E12042 /* TrendingViewModel.swift in Sources */ = {isa = PBXBuildFile; fileRef = 8BABB8FD2B0E7C8E00E12042 /* TrendingViewModel.swift */; };
		8BABB9022B0EB12E00E12042 /* DataClient.swift in Sources */ = {isa = PBXBuildFile; fileRef = 8BABB9012B0EB12E00E12042 /* DataClient.swift */; };
		8BABB9062B0EB1DA00E12042 /* DataError.swift in Sources */ = {isa = PBXBuildFile; fileRef = 8BABB9052B0EB1DA00E12042 /* DataError.swift */; };
		8BABB9092B0EB37800E12042 /* TrendingReposDataClient.swift in Sources */ = {isa = PBXBuildFile; fileRef = 8BABB9082B0EB37800E12042 /* TrendingReposDataClient.swift */; };
		8BABB90C2B0EB97B00E12042 /* Repository.swift in Sources */ = {isa = PBXBuildFile; fileRef = 8BABB90B2B0EB97B00E12042 /* Repository.swift */; };
		8BABB90F2B0EBB8600E12042 /* AppLogger.swift in Sources */ = {isa = PBXBuildFile; fileRef = 8BABB90E2B0EBB8600E12042 /* AppLogger.swift */; };
		8BABB9132B0EBD7F00E12042 /* TrendingReposDataClient+Preview.swift in Sources */ = {isa = PBXBuildFile; fileRef = 8BABB9122B0EBD7F00E12042 /* TrendingReposDataClient+Preview.swift */; };
		8BABB9162B0EC3FB00E12042 /* DataClient+Preview.swift in Sources */ = {isa = PBXBuildFile; fileRef = 8BABB9152B0EC3FB00E12042 /* DataClient+Preview.swift */; };
		8BABB9182B0ECD3000E12042 /* UICollectionReusableView+.swift in Sources */ = {isa = PBXBuildFile; fileRef = 8BABB9172B0ECD3000E12042 /* UICollectionReusableView+.swift */; };
		8BABB91A2B0ED1C000E12042 /* Color+.swift in Sources */ = {isa = PBXBuildFile; fileRef = 8BABB9192B0ED1C000E12042 /* Color+.swift */; };
		8BABB9202B0F932100E12042 /* SDWebImageSwiftUI in Frameworks */ = {isa = PBXBuildFile; productRef = 8BABB91F2B0F932100E12042 /* SDWebImageSwiftUI */; };
		8BABB9232B0FA35A00E12042 /* RepositoryDetailsView.swift in Sources */ = {isa = PBXBuildFile; fileRef = 8BABB9222B0FA35A00E12042 /* RepositoryDetailsView.swift */; };
		8BABB9252B0FA37200E12042 /* RepositoryDetailsViewModel.swift in Sources */ = {isa = PBXBuildFile; fileRef = 8BABB9242B0FA37200E12042 /* RepositoryDetailsViewModel.swift */; };
		8BABB9272B0FA87100E12042 /* Repository+Preview.swift in Sources */ = {isa = PBXBuildFile; fileRef = 8BABB9262B0FA87100E12042 /* Repository+Preview.swift */; };
/* End PBXBuildFile section */

/* Begin PBXContainerItemProxy section */
		8BABB8D12B0D365E00E12042 /* PBXContainerItemProxy */ = {
			isa = PBXContainerItemProxy;
			containerPortal = 8BABB8B82B0D365C00E12042 /* Project object */;
			proxyType = 1;
			remoteGlobalIDString = 8BABB8BF2B0D365C00E12042;
			remoteInfo = GitHubTrendingRepos;
		};
		8BABB8DB2B0D365E00E12042 /* PBXContainerItemProxy */ = {
			isa = PBXContainerItemProxy;
			containerPortal = 8BABB8B82B0D365C00E12042 /* Project object */;
			proxyType = 1;
			remoteGlobalIDString = 8BABB8BF2B0D365C00E12042;
			remoteInfo = GitHubTrendingRepos;
		};
/* End PBXContainerItemProxy section */

/* Begin PBXFileReference section */
		8B0558672B0FC9FE0043F705 /* DataClientHost.swift */ = {isa = PBXFileReference; lastKnownFileType = sourcecode.swift; path = DataClientHost.swift; sourceTree = "<group>"; };
		8B0558692B0FCACE0043F705 /* RepoDetailsDataClient+Preview.swift */ = {isa = PBXFileReference; lastKnownFileType = sourcecode.swift; path = "RepoDetailsDataClient+Preview.swift"; sourceTree = "<group>"; };
		8B0558712B0FF0A80043F705 /* MainView.swift */ = {isa = PBXFileReference; lastKnownFileType = sourcecode.swift; path = MainView.swift; sourceTree = "<group>"; };
		8B0558732B0FF18E0043F705 /* MainViewModel.swift */ = {isa = PBXFileReference; lastKnownFileType = sourcecode.swift; path = MainViewModel.swift; sourceTree = "<group>"; };
		8B0558752B0FF9620043F705 /* TrendingRepository.swift */ = {isa = PBXFileReference; lastKnownFileType = sourcecode.swift; path = TrendingRepository.swift; sourceTree = "<group>"; };
		8B0558772B0FFA000043F705 /* ScaleButtonStyle.swift */ = {isa = PBXFileReference; lastKnownFileType = sourcecode.swift; path = ScaleButtonStyle.swift; sourceTree = "<group>"; };
		8B0558792B1011850043F705 /* RepositoryCardView.swift */ = {isa = PBXFileReference; lastKnownFileType = sourcecode.swift; path = RepositoryCardView.swift; sourceTree = "<group>"; };
		8B05587B2B10122E0043F705 /* TrendingPeriodFilter.swift */ = {isa = PBXFileReference; lastKnownFileType = sourcecode.swift; path = TrendingPeriodFilter.swift; sourceTree = "<group>"; };
		8B05587E2B1093B10043F705 /* EmptyView.swift */ = {isa = PBXFileReference; lastKnownFileType = sourcecode.swift; path = EmptyView.swift; sourceTree = "<group>"; };
		8B805C6D2B0FC4560052415F /* RepoDetailsDataClient.swift */ = {isa = PBXFileReference; lastKnownFileType = sourcecode.swift; path = RepoDetailsDataClient.swift; sourceTree = "<group>"; };
		8BABB8C02B0D365C00E12042 /* GitHubTrendingRepos.app */ = {isa = PBXFileReference; explicitFileType = wrapper.application; includeInIndex = 0; path = GitHubTrendingRepos.app; sourceTree = BUILT_PRODUCTS_DIR; };
		8BABB8C32B0D365C00E12042 /* GitHubTrendingReposApp.swift */ = {isa = PBXFileReference; lastKnownFileType = sourcecode.swift; path = GitHubTrendingReposApp.swift; sourceTree = "<group>"; };
		8BABB8C52B0D365C00E12042 /* WelcomeView.swift */ = {isa = PBXFileReference; lastKnownFileType = sourcecode.swift; path = WelcomeView.swift; sourceTree = "<group>"; };
		8BABB8C72B0D365D00E12042 /* Assets.xcassets */ = {isa = PBXFileReference; lastKnownFileType = folder.assetcatalog; path = Assets.xcassets; sourceTree = "<group>"; };
		8BABB8CA2B0D365D00E12042 /* Preview Assets.xcassets */ = {isa = PBXFileReference; lastKnownFileType = folder.assetcatalog; path = "Preview Assets.xcassets"; sourceTree = "<group>"; };
		8BABB8D02B0D365E00E12042 /* GitHubTrendingReposTests.xctest */ = {isa = PBXFileReference; explicitFileType = wrapper.cfbundle; includeInIndex = 0; path = GitHubTrendingReposTests.xctest; sourceTree = BUILT_PRODUCTS_DIR; };
		8BABB8D42B0D365E00E12042 /* GitHubTrendingReposTests.swift */ = {isa = PBXFileReference; lastKnownFileType = sourcecode.swift; path = GitHubTrendingReposTests.swift; sourceTree = "<group>"; };
		8BABB8DA2B0D365E00E12042 /* GitHubTrendingReposUITests.xctest */ = {isa = PBXFileReference; explicitFileType = wrapper.cfbundle; includeInIndex = 0; path = GitHubTrendingReposUITests.xctest; sourceTree = BUILT_PRODUCTS_DIR; };
		8BABB8DE2B0D365E00E12042 /* GitHubTrendingReposUITests.swift */ = {isa = PBXFileReference; lastKnownFileType = sourcecode.swift; path = GitHubTrendingReposUITests.swift; sourceTree = "<group>"; };
		8BABB8E02B0D365E00E12042 /* GitHubTrendingReposUITestsLaunchTests.swift */ = {isa = PBXFileReference; lastKnownFileType = sourcecode.swift; path = GitHubTrendingReposUITestsLaunchTests.swift; sourceTree = "<group>"; };
		8BABB8F02B0D4B9000E12042 /* WelcomeViewModel.swift */ = {isa = PBXFileReference; lastKnownFileType = sourcecode.swift; path = WelcomeViewModel.swift; sourceTree = "<group>"; };
		8BABB8F62B0E1BC800E12042 /* UnderlineButton.swift */ = {isa = PBXFileReference; lastKnownFileType = sourcecode.swift; path = UnderlineButton.swift; sourceTree = "<group>"; };
		8BABB8F82B0E278900E12042 /* CallToActionButton.swift */ = {isa = PBXFileReference; lastKnownFileType = sourcecode.swift; path = CallToActionButton.swift; sourceTree = "<group>"; };
		8BABB8FB2B0E323E00E12042 /* TrendingView.swift */ = {isa = PBXFileReference; lastKnownFileType = sourcecode.swift; path = TrendingView.swift; sourceTree = "<group>"; };
		8BABB8FD2B0E7C8E00E12042 /* TrendingViewModel.swift */ = {isa = PBXFileReference; lastKnownFileType = sourcecode.swift; path = TrendingViewModel.swift; sourceTree = "<group>"; };
		8BABB9012B0EB12E00E12042 /* DataClient.swift */ = {isa = PBXFileReference; lastKnownFileType = sourcecode.swift; path = DataClient.swift; sourceTree = "<group>"; };
		8BABB9052B0EB1DA00E12042 /* DataError.swift */ = {isa = PBXFileReference; lastKnownFileType = sourcecode.swift; path = DataError.swift; sourceTree = "<group>"; };
		8BABB9082B0EB37800E12042 /* TrendingReposDataClient.swift */ = {isa = PBXFileReference; lastKnownFileType = sourcecode.swift; path = TrendingReposDataClient.swift; sourceTree = "<group>"; };
		8BABB90B2B0EB97B00E12042 /* Repository.swift */ = {isa = PBXFileReference; lastKnownFileType = sourcecode.swift; path = Repository.swift; sourceTree = "<group>"; };
		8BABB90E2B0EBB8600E12042 /* AppLogger.swift */ = {isa = PBXFileReference; lastKnownFileType = sourcecode.swift; path = AppLogger.swift; sourceTree = "<group>"; };
		8BABB9122B0EBD7F00E12042 /* TrendingReposDataClient+Preview.swift */ = {isa = PBXFileReference; lastKnownFileType = sourcecode.swift; path = "TrendingReposDataClient+Preview.swift"; sourceTree = "<group>"; };
		8BABB9152B0EC3FB00E12042 /* DataClient+Preview.swift */ = {isa = PBXFileReference; lastKnownFileType = sourcecode.swift; path = "DataClient+Preview.swift"; sourceTree = "<group>"; };
		8BABB9172B0ECD3000E12042 /* UICollectionReusableView+.swift */ = {isa = PBXFileReference; lastKnownFileType = sourcecode.swift; path = "UICollectionReusableView+.swift"; sourceTree = "<group>"; };
		8BABB9192B0ED1C000E12042 /* Color+.swift */ = {isa = PBXFileReference; lastKnownFileType = sourcecode.swift; path = "Color+.swift"; sourceTree = "<group>"; };
		8BABB9222B0FA35A00E12042 /* RepositoryDetailsView.swift */ = {isa = PBXFileReference; lastKnownFileType = sourcecode.swift; path = RepositoryDetailsView.swift; sourceTree = "<group>"; };
		8BABB9242B0FA37200E12042 /* RepositoryDetailsViewModel.swift */ = {isa = PBXFileReference; lastKnownFileType = sourcecode.swift; path = RepositoryDetailsViewModel.swift; sourceTree = "<group>"; };
		8BABB9262B0FA87100E12042 /* Repository+Preview.swift */ = {isa = PBXFileReference; lastKnownFileType = sourcecode.swift; path = "Repository+Preview.swift"; sourceTree = "<group>"; };
/* End PBXFileReference section */

/* Begin PBXFrameworksBuildPhase section */
		8BABB8BD2B0D365C00E12042 /* Frameworks */ = {
			isa = PBXFrameworksBuildPhase;
			buildActionMask = 2147483647;
			files = (
				8BABB9202B0F932100E12042 /* SDWebImageSwiftUI in Frameworks */,
				8B805C6B2B0FBB470052415F /* MarkdownUI in Frameworks */,
			);
			runOnlyForDeploymentPostprocessing = 0;
		};
		8BABB8CD2B0D365E00E12042 /* Frameworks */ = {
			isa = PBXFrameworksBuildPhase;
			buildActionMask = 2147483647;
			files = (
			);
			runOnlyForDeploymentPostprocessing = 0;
		};
		8BABB8D72B0D365E00E12042 /* Frameworks */ = {
			isa = PBXFrameworksBuildPhase;
			buildActionMask = 2147483647;
			files = (
			);
			runOnlyForDeploymentPostprocessing = 0;
		};
/* End PBXFrameworksBuildPhase section */

/* Begin PBXGroup section */
		8B0558702B0FF0900043F705 /* Main */ = {
			isa = PBXGroup;
			children = (
				8B0558712B0FF0A80043F705 /* MainView.swift */,
				8B0558732B0FF18E0043F705 /* MainViewModel.swift */,
			);
			path = Main;
			sourceTree = "<group>";
		};
		8B805C6C2B0FC4100052415F /* RepoDetails */ = {
			isa = PBXGroup;
			children = (
				8B805C6D2B0FC4560052415F /* RepoDetailsDataClient.swift */,
				8B0558692B0FCACE0043F705 /* RepoDetailsDataClient+Preview.swift */,
			);
			path = RepoDetails;
			sourceTree = "<group>";
		};
		8BABB8B72B0D365C00E12042 = {
			isa = PBXGroup;
			children = (
				8BABB8C22B0D365C00E12042 /* GitHubTrendingRepos */,
				8BABB8C32B0D365C00E12042 /* GitHubTrendingReposApp.swift */,
				8BABB8D32B0D365E00E12042 /* GitHubTrendingReposTests */,
				8BABB8DD2B0D365E00E12042 /* GitHubTrendingReposUITests */,
				8BABB8C12B0D365C00E12042 /* Products */,
			);
			sourceTree = "<group>";
		};
		8BABB8C12B0D365C00E12042 /* Products */ = {
			isa = PBXGroup;
			children = (
				8BABB8C02B0D365C00E12042 /* GitHubTrendingRepos.app */,
				8BABB8D02B0D365E00E12042 /* GitHubTrendingReposTests.xctest */,
				8BABB8DA2B0D365E00E12042 /* GitHubTrendingReposUITests.xctest */,
			);
			name = Products;
			sourceTree = "<group>";
		};
		8BABB8C22B0D365C00E12042 /* GitHubTrendingRepos */ = {
			isa = PBXGroup;
			children = (
				8BABB8ED2B0D45BE00E12042 /* Screens */,
				8BABB8FF2B0EB0A000E12042 /* Data */,
				8BABB9032B0EB17F00E12042 /* Error */,
				8BABB8F42B0E1B7C00E12042 /* Utils */,
				8BABB8C72B0D365D00E12042 /* Assets.xcassets */,
				8BABB8C92B0D365D00E12042 /* Preview Content */,
			);
			path = GitHubTrendingRepos;
			sourceTree = "<group>";
		};
		8BABB8C92B0D365D00E12042 /* Preview Content */ = {
			isa = PBXGroup;
			children = (
				8BABB8CA2B0D365D00E12042 /* Preview Assets.xcassets */,
			);
			path = "Preview Content";
			sourceTree = "<group>";
		};
		8BABB8D32B0D365E00E12042 /* GitHubTrendingReposTests */ = {
			isa = PBXGroup;
			children = (
				8BABB8D42B0D365E00E12042 /* GitHubTrendingReposTests.swift */,
			);
			path = GitHubTrendingReposTests;
			sourceTree = "<group>";
		};
		8BABB8DD2B0D365E00E12042 /* GitHubTrendingReposUITests */ = {
			isa = PBXGroup;
			children = (
				8BABB8DE2B0D365E00E12042 /* GitHubTrendingReposUITests.swift */,
				8BABB8E02B0D365E00E12042 /* GitHubTrendingReposUITestsLaunchTests.swift */,
			);
			path = GitHubTrendingReposUITests;
			sourceTree = "<group>";
		};
		8BABB8ED2B0D45BE00E12042 /* Screens */ = {
			isa = PBXGroup;
			children = (
				8B0558702B0FF0900043F705 /* Main */,
				8BABB8EE2B0D45C600E12042 /* Welcome */,
				8BABB8FA2B0E320E00E12042 /* Trending */,
				8BABB9212B0FA33000E12042 /* RepositoryDetails */,
			);
			path = Screens;
			sourceTree = "<group>";
		};
		8BABB8EE2B0D45C600E12042 /* Welcome */ = {
			isa = PBXGroup;
			children = (
				8BABB8C52B0D365C00E12042 /* WelcomeView.swift */,
				8BABB8F02B0D4B9000E12042 /* WelcomeViewModel.swift */,
			);
			path = Welcome;
			sourceTree = "<group>";
		};
		8BABB8EF2B0D45E600E12042 /* Extensions */ = {
			isa = PBXGroup;
			children = (
				8BABB9172B0ECD3000E12042 /* UICollectionReusableView+.swift */,
				8BABB9192B0ED1C000E12042 /* Color+.swift */,
			);
			path = Extensions;
			sourceTree = "<group>";
		};
		8BABB8F42B0E1B7C00E12042 /* Utils */ = {
			isa = PBXGroup;
			children = (
				8BABB8F52B0E1B9A00E12042 /* Views */,
				8BABB90D2B0EBB6A00E12042 /* Logger */,
				8BABB8EF2B0D45E600E12042 /* Extensions */,
			);
			path = Utils;
			sourceTree = "<group>";
		};
		8BABB8F52B0E1B9A00E12042 /* Views */ = {
			isa = PBXGroup;
			children = (
				8BABB8F82B0E278900E12042 /* CallToActionButton.swift */,
				8BABB8F62B0E1BC800E12042 /* UnderlineButton.swift */,
				8B0558772B0FFA000043F705 /* ScaleButtonStyle.swift */,
				8B05587E2B1093B10043F705 /* EmptyView.swift */,
			);
			path = Views;
			sourceTree = "<group>";
		};
		8BABB8FA2B0E320E00E12042 /* Trending */ = {
			isa = PBXGroup;
			children = (
				8BABB8FB2B0E323E00E12042 /* TrendingView.swift */,
				8BABB8FD2B0E7C8E00E12042 /* TrendingViewModel.swift */,
				8B0558792B1011850043F705 /* RepositoryCardView.swift */,
			);
			path = Trending;
			sourceTree = "<group>";
		};
		8BABB8FF2B0EB0A000E12042 /* Data */ = {
			isa = PBXGroup;
			children = (
				8BABB9002B0EB0B700E12042 /* Client */,
				8BABB90A2B0EB4CB00E12042 /* Model */,
			);
			path = Data;
			sourceTree = "<group>";
		};
		8BABB9002B0EB0B700E12042 /* Client */ = {
			isa = PBXGroup;
			children = (
				8BABB9142B0EC0F000E12042 /* TrendingRepos */,
				8B805C6C2B0FC4100052415F /* RepoDetails */,
				8BABB9012B0EB12E00E12042 /* DataClient.swift */,
				8B0558672B0FC9FE0043F705 /* DataClientHost.swift */,
				8BABB9152B0EC3FB00E12042 /* DataClient+Preview.swift */,
			);
			path = Client;
			sourceTree = "<group>";
		};
		8BABB9032B0EB17F00E12042 /* Error */ = {
			isa = PBXGroup;
			children = (
				8BABB9052B0EB1DA00E12042 /* DataError.swift */,
			);
			path = Error;
			sourceTree = "<group>";
		};
		8BABB90A2B0EB4CB00E12042 /* Model */ = {
			isa = PBXGroup;
			children = (
				8BABB90B2B0EB97B00E12042 /* Repository.swift */,
				8BABB9262B0FA87100E12042 /* Repository+Preview.swift */,
				8B0558752B0FF9620043F705 /* TrendingRepository.swift */,
			);
			path = Model;
			sourceTree = "<group>";
		};
		8BABB90D2B0EBB6A00E12042 /* Logger */ = {
			isa = PBXGroup;
			children = (
				8BABB90E2B0EBB8600E12042 /* AppLogger.swift */,
			);
			path = Logger;
			sourceTree = "<group>";
		};
		8BABB9142B0EC0F000E12042 /* TrendingRepos */ = {
			isa = PBXGroup;
			children = (
				8BABB9082B0EB37800E12042 /* TrendingReposDataClient.swift */,
				8BABB9122B0EBD7F00E12042 /* TrendingReposDataClient+Preview.swift */,
				8B05587B2B10122E0043F705 /* TrendingPeriodFilter.swift */,
			);
			path = TrendingRepos;
			sourceTree = "<group>";
		};
		8BABB9212B0FA33000E12042 /* RepositoryDetails */ = {
			isa = PBXGroup;
			children = (
				8BABB9222B0FA35A00E12042 /* RepositoryDetailsView.swift */,
				8BABB9242B0FA37200E12042 /* RepositoryDetailsViewModel.swift */,
			);
			path = RepositoryDetails;
			sourceTree = "<group>";
		};
/* End PBXGroup section */

/* Begin PBXNativeTarget section */
		8BABB8BF2B0D365C00E12042 /* GitHubTrendingRepos */ = {
			isa = PBXNativeTarget;
			buildConfigurationList = 8BABB8E42B0D365E00E12042 /* Build configuration list for PBXNativeTarget "GitHubTrendingRepos" */;
			buildPhases = (
				8BABB8BC2B0D365C00E12042 /* Sources */,
				8BABB8BD2B0D365C00E12042 /* Frameworks */,
				8BABB8BE2B0D365C00E12042 /* Resources */,
			);
			buildRules = (
			);
			dependencies = (
			);
			name = GitHubTrendingRepos;
			packageProductDependencies = (
				8BABB91F2B0F932100E12042 /* SDWebImageSwiftUI */,
				8B805C6A2B0FBB470052415F /* MarkdownUI */,
			);
			productName = GitHubTrendingRepos;
			productReference = 8BABB8C02B0D365C00E12042 /* GitHubTrendingRepos.app */;
			productType = "com.apple.product-type.application";
		};
		8BABB8CF2B0D365E00E12042 /* GitHubTrendingReposTests */ = {
			isa = PBXNativeTarget;
			buildConfigurationList = 8BABB8E72B0D365E00E12042 /* Build configuration list for PBXNativeTarget "GitHubTrendingReposTests" */;
			buildPhases = (
				8BABB8CC2B0D365E00E12042 /* Sources */,
				8BABB8CD2B0D365E00E12042 /* Frameworks */,
				8BABB8CE2B0D365E00E12042 /* Resources */,
			);
			buildRules = (
			);
			dependencies = (
				8BABB8D22B0D365E00E12042 /* PBXTargetDependency */,
			);
			name = GitHubTrendingReposTests;
			productName = GitHubTrendingReposTests;
			productReference = 8BABB8D02B0D365E00E12042 /* GitHubTrendingReposTests.xctest */;
			productType = "com.apple.product-type.bundle.unit-test";
		};
		8BABB8D92B0D365E00E12042 /* GitHubTrendingReposUITests */ = {
			isa = PBXNativeTarget;
			buildConfigurationList = 8BABB8EA2B0D365E00E12042 /* Build configuration list for PBXNativeTarget "GitHubTrendingReposUITests" */;
			buildPhases = (
				8BABB8D62B0D365E00E12042 /* Sources */,
				8BABB8D72B0D365E00E12042 /* Frameworks */,
				8BABB8D82B0D365E00E12042 /* Resources */,
			);
			buildRules = (
			);
			dependencies = (
				8BABB8DC2B0D365E00E12042 /* PBXTargetDependency */,
			);
			name = GitHubTrendingReposUITests;
			productName = GitHubTrendingReposUITests;
			productReference = 8BABB8DA2B0D365E00E12042 /* GitHubTrendingReposUITests.xctest */;
			productType = "com.apple.product-type.bundle.ui-testing";
		};
/* End PBXNativeTarget section */

/* Begin PBXProject section */
		8BABB8B82B0D365C00E12042 /* Project object */ = {
			isa = PBXProject;
			attributes = {
				BuildIndependentTargetsInParallel = 1;
				LastSwiftUpdateCheck = 1500;
				LastUpgradeCheck = 1500;
				TargetAttributes = {
					8BABB8BF2B0D365C00E12042 = {
						CreatedOnToolsVersion = 15.0.1;
					};
					8BABB8CF2B0D365E00E12042 = {
						CreatedOnToolsVersion = 15.0.1;
						TestTargetID = 8BABB8BF2B0D365C00E12042;
					};
					8BABB8D92B0D365E00E12042 = {
						CreatedOnToolsVersion = 15.0.1;
						TestTargetID = 8BABB8BF2B0D365C00E12042;
					};
				};
			};
			buildConfigurationList = 8BABB8BB2B0D365C00E12042 /* Build configuration list for PBXProject "GitHubTrendingRepos" */;
			compatibilityVersion = "Xcode 14.0";
			developmentRegion = en;
			hasScannedForEncodings = 0;
			knownRegions = (
				en,
				Base,
			);
			mainGroup = 8BABB8B72B0D365C00E12042;
			packageReferences = (
				8BABB91E2B0F932100E12042 /* XCRemoteSwiftPackageReference "SDWebImageSwiftUI" */,
				8B805C692B0FBB470052415F /* XCRemoteSwiftPackageReference "swift-markdown-ui" */,
			);
			productRefGroup = 8BABB8C12B0D365C00E12042 /* Products */;
			projectDirPath = "";
			projectRoot = "";
			targets = (
				8BABB8BF2B0D365C00E12042 /* GitHubTrendingRepos */,
				8BABB8CF2B0D365E00E12042 /* GitHubTrendingReposTests */,
				8BABB8D92B0D365E00E12042 /* GitHubTrendingReposUITests */,
			);
		};
/* End PBXProject section */

/* Begin PBXResourcesBuildPhase section */
		8BABB8BE2B0D365C00E12042 /* Resources */ = {
			isa = PBXResourcesBuildPhase;
			buildActionMask = 2147483647;
			files = (
				8BABB8CB2B0D365D00E12042 /* Preview Assets.xcassets in Resources */,
				8BABB8C82B0D365D00E12042 /* Assets.xcassets in Resources */,
			);
			runOnlyForDeploymentPostprocessing = 0;
		};
		8BABB8CE2B0D365E00E12042 /* Resources */ = {
			isa = PBXResourcesBuildPhase;
			buildActionMask = 2147483647;
			files = (
			);
			runOnlyForDeploymentPostprocessing = 0;
		};
		8BABB8D82B0D365E00E12042 /* Resources */ = {
			isa = PBXResourcesBuildPhase;
			buildActionMask = 2147483647;
			files = (
			);
			runOnlyForDeploymentPostprocessing = 0;
		};
/* End PBXResourcesBuildPhase section */

/* Begin PBXSourcesBuildPhase section */
		8BABB8BC2B0D365C00E12042 /* Sources */ = {
			isa = PBXSourcesBuildPhase;
			buildActionMask = 2147483647;
			files = (
				8BABB8F92B0E278900E12042 /* CallToActionButton.swift in Sources */,
				8BABB91A2B0ED1C000E12042 /* Color+.swift in Sources */,
				8B05587A2B1011850043F705 /* RepositoryCardView.swift in Sources */,
				8BABB9182B0ECD3000E12042 /* UICollectionReusableView+.swift in Sources */,
				8BABB9132B0EBD7F00E12042 /* TrendingReposDataClient+Preview.swift in Sources */,
				8BABB8C62B0D365C00E12042 /* WelcomeView.swift in Sources */,
				8B05587F2B1093B10043F705 /* EmptyView.swift in Sources */,
				8BABB8F12B0D4B9000E12042 /* WelcomeViewModel.swift in Sources */,
				8BABB90F2B0EBB8600E12042 /* AppLogger.swift in Sources */,
				8BABB9232B0FA35A00E12042 /* RepositoryDetailsView.swift in Sources */,
				8BABB8FE2B0E7C8E00E12042 /* TrendingViewModel.swift in Sources */,
				8BABB9092B0EB37800E12042 /* TrendingReposDataClient.swift in Sources */,
				8BABB90C2B0EB97B00E12042 /* Repository.swift in Sources */,
				8B805C6E2B0FC4560052415F /* RepoDetailsDataClient.swift in Sources */,
				8BABB9272B0FA87100E12042 /* Repository+Preview.swift in Sources */,
				8B0558762B0FF9620043F705 /* TrendingRepository.swift in Sources */,
				8BABB9022B0EB12E00E12042 /* DataClient.swift in Sources */,
				8BABB9252B0FA37200E12042 /* RepositoryDetailsViewModel.swift in Sources */,
				8BABB8FC2B0E323E00E12042 /* TrendingView.swift in Sources */,
				8B05586A2B0FCACE0043F705 /* RepoDetailsDataClient+Preview.swift in Sources */,
				8B0558682B0FC9FE0043F705 /* DataClientHost.swift in Sources */,
				8BABB9062B0EB1DA00E12042 /* DataError.swift in Sources */,
				8B0558782B0FFA000043F705 /* ScaleButtonStyle.swift in Sources */,
				8B0558722B0FF0A80043F705 /* MainView.swift in Sources */,
				8BABB8F72B0E1BC800E12042 /* UnderlineButton.swift in Sources */,
				8BABB8C42B0D365C00E12042 /* GitHubTrendingReposApp.swift in Sources */,
				8B05587C2B10122E0043F705 /* TrendingPeriodFilter.swift in Sources */,
				8BABB9162B0EC3FB00E12042 /* DataClient+Preview.swift in Sources */,
				8B0558742B0FF18E0043F705 /* MainViewModel.swift in Sources */,
			);
			runOnlyForDeploymentPostprocessing = 0;
		};
		8BABB8CC2B0D365E00E12042 /* Sources */ = {
			isa = PBXSourcesBuildPhase;
			buildActionMask = 2147483647;
			files = (
				8BABB8D52B0D365E00E12042 /* GitHubTrendingReposTests.swift in Sources */,
			);
			runOnlyForDeploymentPostprocessing = 0;
		};
		8BABB8D62B0D365E00E12042 /* Sources */ = {
			isa = PBXSourcesBuildPhase;
			buildActionMask = 2147483647;
			files = (
				8BABB8E12B0D365E00E12042 /* GitHubTrendingReposUITestsLaunchTests.swift in Sources */,
				8BABB8DF2B0D365E00E12042 /* GitHubTrendingReposUITests.swift in Sources */,
			);
			runOnlyForDeploymentPostprocessing = 0;
		};
/* End PBXSourcesBuildPhase section */

/* Begin PBXTargetDependency section */
		8BABB8D22B0D365E00E12042 /* PBXTargetDependency */ = {
			isa = PBXTargetDependency;
			target = 8BABB8BF2B0D365C00E12042 /* GitHubTrendingRepos */;
			targetProxy = 8BABB8D12B0D365E00E12042 /* PBXContainerItemProxy */;
		};
		8BABB8DC2B0D365E00E12042 /* PBXTargetDependency */ = {
			isa = PBXTargetDependency;
			target = 8BABB8BF2B0D365C00E12042 /* GitHubTrendingRepos */;
			targetProxy = 8BABB8DB2B0D365E00E12042 /* PBXContainerItemProxy */;
		};
/* End PBXTargetDependency section */

/* Begin XCBuildConfiguration section */
		8BABB8E22B0D365E00E12042 /* Debug */ = {
			isa = XCBuildConfiguration;
			buildSettings = {
				ALWAYS_SEARCH_USER_PATHS = NO;
				ASSETCATALOG_COMPILER_GENERATE_SWIFT_ASSET_SYMBOL_EXTENSIONS = YES;
				CLANG_ANALYZER_NONNULL = YES;
				CLANG_ANALYZER_NUMBER_OBJECT_CONVERSION = YES_AGGRESSIVE;
				CLANG_CXX_LANGUAGE_STANDARD = "gnu++20";
				CLANG_ENABLE_MODULES = YES;
				CLANG_ENABLE_OBJC_ARC = YES;
				CLANG_ENABLE_OBJC_WEAK = YES;
				CLANG_WARN_BLOCK_CAPTURE_AUTORELEASING = YES;
				CLANG_WARN_BOOL_CONVERSION = YES;
				CLANG_WARN_COMMA = YES;
				CLANG_WARN_CONSTANT_CONVERSION = YES;
				CLANG_WARN_DEPRECATED_OBJC_IMPLEMENTATIONS = YES;
				CLANG_WARN_DIRECT_OBJC_ISA_USAGE = YES_ERROR;
				CLANG_WARN_DOCUMENTATION_COMMENTS = YES;
				CLANG_WARN_EMPTY_BODY = YES;
				CLANG_WARN_ENUM_CONVERSION = YES;
				CLANG_WARN_INFINITE_RECURSION = YES;
				CLANG_WARN_INT_CONVERSION = YES;
				CLANG_WARN_NON_LITERAL_NULL_CONVERSION = YES;
				CLANG_WARN_OBJC_IMPLICIT_RETAIN_SELF = YES;
				CLANG_WARN_OBJC_LITERAL_CONVERSION = YES;
				CLANG_WARN_OBJC_ROOT_CLASS = YES_ERROR;
				CLANG_WARN_QUOTED_INCLUDE_IN_FRAMEWORK_HEADER = YES;
				CLANG_WARN_RANGE_LOOP_ANALYSIS = YES;
				CLANG_WARN_STRICT_PROTOTYPES = YES;
				CLANG_WARN_SUSPICIOUS_MOVE = YES;
				CLANG_WARN_UNGUARDED_AVAILABILITY = YES_AGGRESSIVE;
				CLANG_WARN_UNREACHABLE_CODE = YES;
				CLANG_WARN__DUPLICATE_METHOD_MATCH = YES;
				COPY_PHASE_STRIP = NO;
				DEBUG_INFORMATION_FORMAT = dwarf;
				ENABLE_STRICT_OBJC_MSGSEND = YES;
				ENABLE_TESTABILITY = YES;
				ENABLE_USER_SCRIPT_SANDBOXING = YES;
				GCC_C_LANGUAGE_STANDARD = gnu17;
				GCC_DYNAMIC_NO_PIC = NO;
				GCC_NO_COMMON_BLOCKS = YES;
				GCC_OPTIMIZATION_LEVEL = 0;
				GCC_PREPROCESSOR_DEFINITIONS = (
					"DEBUG=1",
					"$(inherited)",
				);
				GCC_WARN_64_TO_32_BIT_CONVERSION = YES;
				GCC_WARN_ABOUT_RETURN_TYPE = YES_ERROR;
				GCC_WARN_UNDECLARED_SELECTOR = YES;
				GCC_WARN_UNINITIALIZED_AUTOS = YES_AGGRESSIVE;
				GCC_WARN_UNUSED_FUNCTION = YES;
				GCC_WARN_UNUSED_VARIABLE = YES;
				IPHONEOS_DEPLOYMENT_TARGET = 17.0;
				LOCALIZATION_PREFERS_STRING_CATALOGS = YES;
				MTL_ENABLE_DEBUG_INFO = INCLUDE_SOURCE;
				MTL_FAST_MATH = YES;
				ONLY_ACTIVE_ARCH = YES;
				SDKROOT = iphoneos;
				SWIFT_ACTIVE_COMPILATION_CONDITIONS = "DEBUG $(inherited)";
				SWIFT_OPTIMIZATION_LEVEL = "-Onone";
			};
			name = Debug;
		};
		8BABB8E32B0D365E00E12042 /* Release */ = {
			isa = XCBuildConfiguration;
			buildSettings = {
				ALWAYS_SEARCH_USER_PATHS = NO;
				ASSETCATALOG_COMPILER_GENERATE_SWIFT_ASSET_SYMBOL_EXTENSIONS = YES;
				CLANG_ANALYZER_NONNULL = YES;
				CLANG_ANALYZER_NUMBER_OBJECT_CONVERSION = YES_AGGRESSIVE;
				CLANG_CXX_LANGUAGE_STANDARD = "gnu++20";
				CLANG_ENABLE_MODULES = YES;
				CLANG_ENABLE_OBJC_ARC = YES;
				CLANG_ENABLE_OBJC_WEAK = YES;
				CLANG_WARN_BLOCK_CAPTURE_AUTORELEASING = YES;
				CLANG_WARN_BOOL_CONVERSION = YES;
				CLANG_WARN_COMMA = YES;
				CLANG_WARN_CONSTANT_CONVERSION = YES;
				CLANG_WARN_DEPRECATED_OBJC_IMPLEMENTATIONS = YES;
				CLANG_WARN_DIRECT_OBJC_ISA_USAGE = YES_ERROR;
				CLANG_WARN_DOCUMENTATION_COMMENTS = YES;
				CLANG_WARN_EMPTY_BODY = YES;
				CLANG_WARN_ENUM_CONVERSION = YES;
				CLANG_WARN_INFINITE_RECURSION = YES;
				CLANG_WARN_INT_CONVERSION = YES;
				CLANG_WARN_NON_LITERAL_NULL_CONVERSION = YES;
				CLANG_WARN_OBJC_IMPLICIT_RETAIN_SELF = YES;
				CLANG_WARN_OBJC_LITERAL_CONVERSION = YES;
				CLANG_WARN_OBJC_ROOT_CLASS = YES_ERROR;
				CLANG_WARN_QUOTED_INCLUDE_IN_FRAMEWORK_HEADER = YES;
				CLANG_WARN_RANGE_LOOP_ANALYSIS = YES;
				CLANG_WARN_STRICT_PROTOTYPES = YES;
				CLANG_WARN_SUSPICIOUS_MOVE = YES;
				CLANG_WARN_UNGUARDED_AVAILABILITY = YES_AGGRESSIVE;
				CLANG_WARN_UNREACHABLE_CODE = YES;
				CLANG_WARN__DUPLICATE_METHOD_MATCH = YES;
				COPY_PHASE_STRIP = NO;
				DEBUG_INFORMATION_FORMAT = "dwarf-with-dsym";
				ENABLE_NS_ASSERTIONS = NO;
				ENABLE_STRICT_OBJC_MSGSEND = YES;
				ENABLE_USER_SCRIPT_SANDBOXING = YES;
				GCC_C_LANGUAGE_STANDARD = gnu17;
				GCC_NO_COMMON_BLOCKS = YES;
				GCC_WARN_64_TO_32_BIT_CONVERSION = YES;
				GCC_WARN_ABOUT_RETURN_TYPE = YES_ERROR;
				GCC_WARN_UNDECLARED_SELECTOR = YES;
				GCC_WARN_UNINITIALIZED_AUTOS = YES_AGGRESSIVE;
				GCC_WARN_UNUSED_FUNCTION = YES;
				GCC_WARN_UNUSED_VARIABLE = YES;
				IPHONEOS_DEPLOYMENT_TARGET = 17.0;
				LOCALIZATION_PREFERS_STRING_CATALOGS = YES;
				MTL_ENABLE_DEBUG_INFO = NO;
				MTL_FAST_MATH = YES;
				SDKROOT = iphoneos;
				SWIFT_COMPILATION_MODE = wholemodule;
				VALIDATE_PRODUCT = YES;
			};
			name = Release;
		};
		8BABB8E52B0D365E00E12042 /* Debug */ = {
			isa = XCBuildConfiguration;
			buildSettings = {
				ASSETCATALOG_COMPILER_APPICON_NAME = AppIcon;
				ASSETCATALOG_COMPILER_GLOBAL_ACCENT_COLOR_NAME = AccentColor;
				CODE_SIGN_STYLE = Automatic;
				CURRENT_PROJECT_VERSION = 1;
				DEVELOPMENT_ASSET_PATHS = "\"GitHubTrendingRepos/Preview Content\"";
				DEVELOPMENT_TEAM = 2B3TTZ6U49;
				ENABLE_PREVIEWS = YES;
				GENERATE_INFOPLIST_FILE = YES;
				INFOPLIST_KEY_UIApplicationSceneManifest_Generation = YES;
				INFOPLIST_KEY_UIApplicationSupportsIndirectInputEvents = YES;
				INFOPLIST_KEY_UILaunchScreen_Generation = YES;
				INFOPLIST_KEY_UISupportedInterfaceOrientations_iPad = "UIInterfaceOrientationPortrait UIInterfaceOrientationPortraitUpsideDown UIInterfaceOrientationLandscapeLeft UIInterfaceOrientationLandscapeRight";
				INFOPLIST_KEY_UISupportedInterfaceOrientations_iPhone = "UIInterfaceOrientationPortrait UIInterfaceOrientationLandscapeLeft UIInterfaceOrientationLandscapeRight";
				INFOPLIST_KEY_UIUserInterfaceStyle = Dark;
				IPHONEOS_DEPLOYMENT_TARGET = 15.0;
				LD_RUNPATH_SEARCH_PATHS = (
					"$(inherited)",
					"@executable_path/Frameworks",
				);
				MARKETING_VERSION = 1.0;
				PRODUCT_BUNDLE_IDENTIFIER = com.crc.GitHubTrendingRepos;
				PRODUCT_NAME = "$(TARGET_NAME)";
				SUPPORTED_PLATFORMS = "iphoneos iphonesimulator";
				SUPPORTS_MACCATALYST = NO;
				SUPPORTS_MAC_DESIGNED_FOR_IPHONE_IPAD = NO;
				SWIFT_EMIT_LOC_STRINGS = YES;
				SWIFT_VERSION = 5.0;
				TARGETED_DEVICE_FAMILY = "1,2";
			};
			name = Debug;
		};
		8BABB8E62B0D365E00E12042 /* Release */ = {
			isa = XCBuildConfiguration;
			buildSettings = {
				ASSETCATALOG_COMPILER_APPICON_NAME = AppIcon;
				ASSETCATALOG_COMPILER_GLOBAL_ACCENT_COLOR_NAME = AccentColor;
				CODE_SIGN_STYLE = Automatic;
				CURRENT_PROJECT_VERSION = 1;
				DEVELOPMENT_ASSET_PATHS = "\"GitHubTrendingRepos/Preview Content\"";
				DEVELOPMENT_TEAM = 2B3TTZ6U49;
				ENABLE_PREVIEWS = YES;
				GENERATE_INFOPLIST_FILE = YES;
				INFOPLIST_KEY_UIApplicationSceneManifest_Generation = YES;
				INFOPLIST_KEY_UIApplicationSupportsIndirectInputEvents = YES;
				INFOPLIST_KEY_UILaunchScreen_Generation = YES;
				INFOPLIST_KEY_UISupportedInterfaceOrientations_iPad = "UIInterfaceOrientationPortrait UIInterfaceOrientationPortraitUpsideDown UIInterfaceOrientationLandscapeLeft UIInterfaceOrientationLandscapeRight";
				INFOPLIST_KEY_UISupportedInterfaceOrientations_iPhone = "UIInterfaceOrientationPortrait UIInterfaceOrientationLandscapeLeft UIInterfaceOrientationLandscapeRight";
				INFOPLIST_KEY_UIUserInterfaceStyle = Dark;
				IPHONEOS_DEPLOYMENT_TARGET = 15.0;
				LD_RUNPATH_SEARCH_PATHS = (
					"$(inherited)",
					"@executable_path/Frameworks",
				);
				MARKETING_VERSION = 1.0;
				PRODUCT_BUNDLE_IDENTIFIER = com.crc.GitHubTrendingRepos;
				PRODUCT_NAME = "$(TARGET_NAME)";
				SUPPORTED_PLATFORMS = "iphoneos iphonesimulator";
				SUPPORTS_MACCATALYST = NO;
				SUPPORTS_MAC_DESIGNED_FOR_IPHONE_IPAD = NO;
				SWIFT_EMIT_LOC_STRINGS = YES;
				SWIFT_VERSION = 5.0;
				TARGETED_DEVICE_FAMILY = "1,2";
			};
			name = Release;
		};
		8BABB8E82B0D365E00E12042 /* Debug */ = {
			isa = XCBuildConfiguration;
			buildSettings = {
				ALWAYS_EMBED_SWIFT_STANDARD_LIBRARIES = YES;
				BUNDLE_LOADER = "$(TEST_HOST)";
				CODE_SIGN_STYLE = Automatic;
				CURRENT_PROJECT_VERSION = 1;
				DEVELOPMENT_TEAM = 2B3TTZ6U49;
				GENERATE_INFOPLIST_FILE = YES;
				IPHONEOS_DEPLOYMENT_TARGET = 17.0;
				MARKETING_VERSION = 1.0;
				PRODUCT_BUNDLE_IDENTIFIER = com.crc.GitHubTrendingReposTests;
				PRODUCT_NAME = "$(TARGET_NAME)";
				SWIFT_EMIT_LOC_STRINGS = NO;
				SWIFT_VERSION = 5.0;
				TARGETED_DEVICE_FAMILY = "1,2";
				TEST_HOST = "$(BUILT_PRODUCTS_DIR)/GitHubTrendingRepos.app/$(BUNDLE_EXECUTABLE_FOLDER_PATH)/GitHubTrendingRepos";
			};
			name = Debug;
		};
		8BABB8E92B0D365E00E12042 /* Release */ = {
			isa = XCBuildConfiguration;
			buildSettings = {
				ALWAYS_EMBED_SWIFT_STANDARD_LIBRARIES = YES;
				BUNDLE_LOADER = "$(TEST_HOST)";
				CODE_SIGN_STYLE = Automatic;
				CURRENT_PROJECT_VERSION = 1;
				DEVELOPMENT_TEAM = 2B3TTZ6U49;
				GENERATE_INFOPLIST_FILE = YES;
				IPHONEOS_DEPLOYMENT_TARGET = 17.0;
				MARKETING_VERSION = 1.0;
				PRODUCT_BUNDLE_IDENTIFIER = com.crc.GitHubTrendingReposTests;
				PRODUCT_NAME = "$(TARGET_NAME)";
				SWIFT_EMIT_LOC_STRINGS = NO;
				SWIFT_VERSION = 5.0;
				TARGETED_DEVICE_FAMILY = "1,2";
				TEST_HOST = "$(BUILT_PRODUCTS_DIR)/GitHubTrendingRepos.app/$(BUNDLE_EXECUTABLE_FOLDER_PATH)/GitHubTrendingRepos";
			};
			name = Release;
		};
		8BABB8EB2B0D365E00E12042 /* Debug */ = {
			isa = XCBuildConfiguration;
			buildSettings = {
				ALWAYS_EMBED_SWIFT_STANDARD_LIBRARIES = YES;
				CODE_SIGN_STYLE = Automatic;
				CURRENT_PROJECT_VERSION = 1;
				DEVELOPMENT_TEAM = 2B3TTZ6U49;
				GENERATE_INFOPLIST_FILE = YES;
				MARKETING_VERSION = 1.0;
				PRODUCT_BUNDLE_IDENTIFIER = com.crc.GitHubTrendingReposUITests;
				PRODUCT_NAME = "$(TARGET_NAME)";
				SWIFT_EMIT_LOC_STRINGS = NO;
				SWIFT_VERSION = 5.0;
				TARGETED_DEVICE_FAMILY = "1,2";
				TEST_TARGET_NAME = GitHubTrendingRepos;
			};
			name = Debug;
		};
		8BABB8EC2B0D365E00E12042 /* Release */ = {
			isa = XCBuildConfiguration;
			buildSettings = {
				ALWAYS_EMBED_SWIFT_STANDARD_LIBRARIES = YES;
				CODE_SIGN_STYLE = Automatic;
				CURRENT_PROJECT_VERSION = 1;
				DEVELOPMENT_TEAM = 2B3TTZ6U49;
				GENERATE_INFOPLIST_FILE = YES;
				MARKETING_VERSION = 1.0;
				PRODUCT_BUNDLE_IDENTIFIER = com.crc.GitHubTrendingReposUITests;
				PRODUCT_NAME = "$(TARGET_NAME)";
				SWIFT_EMIT_LOC_STRINGS = NO;
				SWIFT_VERSION = 5.0;
				TARGETED_DEVICE_FAMILY = "1,2";
				TEST_TARGET_NAME = GitHubTrendingRepos;
			};
			name = Release;
		};
/* End XCBuildConfiguration section */

/* Begin XCConfigurationList section */
		8BABB8BB2B0D365C00E12042 /* Build configuration list for PBXProject "GitHubTrendingRepos" */ = {
			isa = XCConfigurationList;
			buildConfigurations = (
				8BABB8E22B0D365E00E12042 /* Debug */,
				8BABB8E32B0D365E00E12042 /* Release */,
			);
			defaultConfigurationIsVisible = 0;
			defaultConfigurationName = Release;
		};
		8BABB8E42B0D365E00E12042 /* Build configuration list for PBXNativeTarget "GitHubTrendingRepos" */ = {
			isa = XCConfigurationList;
			buildConfigurations = (
				8BABB8E52B0D365E00E12042 /* Debug */,
				8BABB8E62B0D365E00E12042 /* Release */,
			);
			defaultConfigurationIsVisible = 0;
			defaultConfigurationName = Release;
		};
		8BABB8E72B0D365E00E12042 /* Build configuration list for PBXNativeTarget "GitHubTrendingReposTests" */ = {
			isa = XCConfigurationList;
			buildConfigurations = (
				8BABB8E82B0D365E00E12042 /* Debug */,
				8BABB8E92B0D365E00E12042 /* Release */,
			);
			defaultConfigurationIsVisible = 0;
			defaultConfigurationName = Release;
		};
		8BABB8EA2B0D365E00E12042 /* Build configuration list for PBXNativeTarget "GitHubTrendingReposUITests" */ = {
			isa = XCConfigurationList;
			buildConfigurations = (
				8BABB8EB2B0D365E00E12042 /* Debug */,
				8BABB8EC2B0D365E00E12042 /* Release */,
			);
			defaultConfigurationIsVisible = 0;
			defaultConfigurationName = Release;
		};
/* End XCConfigurationList section */

/* Begin XCRemoteSwiftPackageReference section */
		8B805C692B0FBB470052415F /* XCRemoteSwiftPackageReference "swift-markdown-ui" */ = {
			isa = XCRemoteSwiftPackageReference;
			repositoryURL = "https://github.com/gonzalezreal/swift-markdown-ui.git";
			requirement = {
				kind = upToNextMajorVersion;
				minimumVersion = 2.2.0;
			};
		};
		8BABB91E2B0F932100E12042 /* XCRemoteSwiftPackageReference "SDWebImageSwiftUI" */ = {
			isa = XCRemoteSwiftPackageReference;
			repositoryURL = "https://github.com/SDWebImage/SDWebImageSwiftUI.git";
			requirement = {
				kind = upToNextMajorVersion;
				minimumVersion = 2.2.4;
			};
		};
/* End XCRemoteSwiftPackageReference section */

/* Begin XCSwiftPackageProductDependency section */
		8B805C6A2B0FBB470052415F /* MarkdownUI */ = {
			isa = XCSwiftPackageProductDependency;
			package = 8B805C692B0FBB470052415F /* XCRemoteSwiftPackageReference "swift-markdown-ui" */;
			productName = MarkdownUI;
		};
		8BABB91F2B0F932100E12042 /* SDWebImageSwiftUI */ = {
			isa = XCSwiftPackageProductDependency;
			package = 8BABB91E2B0F932100E12042 /* XCRemoteSwiftPackageReference "SDWebImageSwiftUI" */;
			productName = SDWebImageSwiftUI;
		};
/* End XCSwiftPackageProductDependency section */
	};
	rootObject = 8BABB8B82B0D365C00E12042 /* Project object */;
}
